
Microsoft Visual Studio Solution File, Format Version 12.00
# Visual Studio Version 16
VisualStudioVersion = 16.0.30907.101
MinimumVisualStudioVersion = 10.0.40219.1
Project("{2150E333-8FDC-42A3-9474-1A3956D46DE8}") = "API", "API", "{92103557-521A-47D7-B90C-AF9D9152183C}"
EndProject
Project("{2150E333-8FDC-42A3-9474-1A3956D46DE8}") = "Services", "Services", "{2564EB45-3D4F-468A-B9AA-A8DC8F2EEF36}"
EndProject
Project("{2150E333-8FDC-42A3-9474-1A3956D46DE8}") = "Cadastros", "Cadastros", "{A911D9A9-A819-439A-B091-91183B27009A}"
EndProject
Project("{2150E333-8FDC-42A3-9474-1A3956D46DE8}") = "Core", "Core", "{EE8502D8-4158-4656-90F5-1AF1D8FBA4A0}"
EndProject
Project("{9A19103F-16F7-4668-BE54-9A1E7A4F7556}") = "PetzGo.Cadastros.Aplicacao", "src\PetzGo.Cadastros.Aplicacao\PetzGo.Cadastros.Aplicacao.csproj", "{57470CFD-4ABF-4643-8F92-E1E64A4C07BA}"
EndProject
Project("{9A19103F-16F7-4668-BE54-9A1E7A4F7556}") = "PetzGo.Cadastros.Dominio", "src\PetzGo.Cadastros.Dominio\PetzGo.Cadastros.Dominio.csproj", "{9384FC82-EAF2-41D8-BD24-5C5EC3B21F52}"
EndProject
Project("{9A19103F-16F7-4668-BE54-9A1E7A4F7556}") = "PetzGo.Cadastros.Infra", "src\PetzGo.Cadastros.Infra\PetzGo.Cadastros.Infra.csproj", "{42A72610-0E83-4A57-B919-256AD99EA67A}"
EndProject
Project("{9A19103F-16F7-4668-BE54-9A1E7A4F7556}") = "PetzGo.API", "src\PetzGo.API\PetzGo.API.csproj", "{EC84A5AE-EBB5-4AFD-A01A-2E6E0639AE01}"
EndProject
Project("{9A19103F-16F7-4668-BE54-9A1E7A4F7556}") = "PetzGo.Core", "src\PetzGo.Core\PetzGo.Core.csproj", "{2D08FC49-8D0F-4DC7-A18F-EDBD1B8128F6}"
EndProject
Project("{2150E333-8FDC-42A3-9474-1A3956D46DE8}") = "ControleAcesso", "ControleAcesso", "{405CA97B-DF37-4A64-959B-82A9CC5589BF}"
EndProject
Project("{9A19103F-16F7-4668-BE54-9A1E7A4F7556}") = "PetzGo.ControleAcesso.Aplicacao", "src\PetzGo.ControleAcesso.Aplicacao\PetzGo.ControleAcesso.Aplicacao.csproj", "{E298FBBC-EE94-4C81-B359-E785F7434F63}"
EndProject
Project("{9A19103F-16F7-4668-BE54-9A1E7A4F7556}") = "PetzGo.ControleAcesso.Dominio", "src\PetzGo.ControleAcesso.Dominio\PetzGo.ControleAcesso.Dominio.csproj", "{F2F0A6C6-48AF-4893-B53D-15156D12A667}"
EndProject
Project("{9A19103F-16F7-4668-BE54-9A1E7A4F7556}") = "PetzGo.ControleAcesso.Infra", "src\PetzGo.ControleAcesso.Infra\PetzGo.ControleAcesso.Infra.csproj", "{E41354A6-BE2B-4188-9A5B-F44DCB8B8F76}"
EndProject
Project("{2150E333-8FDC-42A3-9474-1A3956D46DE8}") = "Testes", "Testes", "{0E3159B1-4E5F-4065-B86C-E8F684694D79}"
EndProject
Project("{FAE04EC0-301F-11D3-BF4B-00C04F79EFBC}") = "PetzGo.Cadastros.Aplicacao.Testes", "tests\PetzGo.Cadastros.Testes\Aplicacao.Testes\PetzGo.Cadastros.Aplicacao.Testes.csproj", "{014835B0-DFC6-4E3E-A255-484B5BA9F726}"
EndProject
Global
	GlobalSection(SolutionConfigurationPlatforms) = preSolution
		Debug|Any CPU = Debug|Any CPU
		Release|Any CPU = Release|Any CPU
	EndGlobalSection
	GlobalSection(ProjectConfigurationPlatforms) = postSolution
		{57470CFD-4ABF-4643-8F92-E1E64A4C07BA}.Debug|Any CPU.ActiveCfg = Debug|Any CPU
		{57470CFD-4ABF-4643-8F92-E1E64A4C07BA}.Debug|Any CPU.Build.0 = Debug|Any CPU
		{57470CFD-4ABF-4643-8F92-E1E64A4C07BA}.Release|Any CPU.ActiveCfg = Release|Any CPU
		{57470CFD-4ABF-4643-8F92-E1E64A4C07BA}.Release|Any CPU.Build.0 = Release|Any CPU
		{9384FC82-EAF2-41D8-BD24-5C5EC3B21F52}.Debug|Any CPU.ActiveCfg = Debug|Any CPU
		{9384FC82-EAF2-41D8-BD24-5C5EC3B21F52}.Debug|Any CPU.Build.0 = Debug|Any CPU
		{9384FC82-EAF2-41D8-BD24-5C5EC3B21F52}.Release|Any CPU.ActiveCfg = Release|Any CPU
		{9384FC82-EAF2-41D8-BD24-5C5EC3B21F52}.Release|Any CPU.Build.0 = Release|Any CPU
		{42A72610-0E83-4A57-B919-256AD99EA67A}.Debug|Any CPU.ActiveCfg = Debug|Any CPU
		{42A72610-0E83-4A57-B919-256AD99EA67A}.Debug|Any CPU.Build.0 = Debug|Any CPU
		{42A72610-0E83-4A57-B919-256AD99EA67A}.Release|Any CPU.ActiveCfg = Release|Any CPU
		{42A72610-0E83-4A57-B919-256AD99EA67A}.Release|Any CPU.Build.0 = Release|Any CPU
		{EC84A5AE-EBB5-4AFD-A01A-2E6E0639AE01}.Debug|Any CPU.ActiveCfg = Debug|Any CPU
		{EC84A5AE-EBB5-4AFD-A01A-2E6E0639AE01}.Debug|Any CPU.Build.0 = Debug|Any CPU
		{EC84A5AE-EBB5-4AFD-A01A-2E6E0639AE01}.Release|Any CPU.ActiveCfg = Release|Any CPU
		{EC84A5AE-EBB5-4AFD-A01A-2E6E0639AE01}.Release|Any CPU.Build.0 = Release|Any CPU
		{2D08FC49-8D0F-4DC7-A18F-EDBD1B8128F6}.Debug|Any CPU.ActiveCfg = Debug|Any CPU
		{2D08FC49-8D0F-4DC7-A18F-EDBD1B8128F6}.Debug|Any CPU.Build.0 = Debug|Any CPU
		{2D08FC49-8D0F-4DC7-A18F-EDBD1B8128F6}.Release|Any CPU.ActiveCfg = Release|Any CPU
		{2D08FC49-8D0F-4DC7-A18F-EDBD1B8128F6}.Release|Any CPU.Build.0 = Release|Any CPU
		{E298FBBC-EE94-4C81-B359-E785F7434F63}.Debug|Any CPU.ActiveCfg = Debug|Any CPU
		{E298FBBC-EE94-4C81-B359-E785F7434F63}.Debug|Any CPU.Build.0 = Debug|Any CPU
		{E298FBBC-EE94-4C81-B359-E785F7434F63}.Release|Any CPU.ActiveCfg = Release|Any CPU
		{E298FBBC-EE94-4C81-B359-E785F7434F63}.Release|Any CPU.Build.0 = Release|Any CPU
		{F2F0A6C6-48AF-4893-B53D-15156D12A667}.Debug|Any CPU.ActiveCfg = Debug|Any CPU
		{F2F0A6C6-48AF-4893-B53D-15156D12A667}.Debug|Any CPU.Build.0 = Debug|Any CPU
		{F2F0A6C6-48AF-4893-B53D-15156D12A667}.Release|Any CPU.ActiveCfg = Release|Any CPU
		{F2F0A6C6-48AF-4893-B53D-15156D12A667}.Release|Any CPU.Build.0 = Release|Any CPU
		{E41354A6-BE2B-4188-9A5B-F44DCB8B8F76}.Debug|Any CPU.ActiveCfg = Debug|Any CPU
		{E41354A6-BE2B-4188-9A5B-F44DCB8B8F76}.Debug|Any CPU.Build.0 = Debug|Any CPU
		{E41354A6-BE2B-4188-9A5B-F44DCB8B8F76}.Release|Any CPU.ActiveCfg = Release|Any CPU
		{E41354A6-BE2B-4188-9A5B-F44DCB8B8F76}.Release|Any CPU.Build.0 = Release|Any CPU
		{014835B0-DFC6-4E3E-A255-484B5BA9F726}.Debug|Any CPU.ActiveCfg = Debug|Any CPU
		{014835B0-DFC6-4E3E-A255-484B5BA9F726}.Debug|Any CPU.Build.0 = Debug|Any CPU
		{014835B0-DFC6-4E3E-A255-484B5BA9F726}.Release|Any CPU.ActiveCfg = Release|Any CPU
		{014835B0-DFC6-4E3E-A255-484B5BA9F726}.Release|Any CPU.Build.0 = Release|Any CPU
	EndGlobalSection
	GlobalSection(SolutionProperties) = preSolution
		HideSolutionNode = FALSE
	EndGlobalSection
	GlobalSection(NestedProjects) = preSolution
		{A911D9A9-A819-439A-B091-91183B27009A} = {2564EB45-3D4F-468A-B9AA-A8DC8F2EEF36}
		{EE8502D8-4158-4656-90F5-1AF1D8FBA4A0} = {2564EB45-3D4F-468A-B9AA-A8DC8F2EEF36}
		{57470CFD-4ABF-4643-8F92-E1E64A4C07BA} = {A911D9A9-A819-439A-B091-91183B27009A}
		{9384FC82-EAF2-41D8-BD24-5C5EC3B21F52} = {A911D9A9-A819-439A-B091-91183B27009A}
		{42A72610-0E83-4A57-B919-256AD99EA67A} = {A911D9A9-A819-439A-B091-91183B27009A}
		{EC84A5AE-EBB5-4AFD-A01A-2E6E0639AE01} = {92103557-521A-47D7-B90C-AF9D9152183C}
		{2D08FC49-8D0F-4DC7-A18F-EDBD1B8128F6} = {EE8502D8-4158-4656-90F5-1AF1D8FBA4A0}
		{405CA97B-DF37-4A64-959B-82A9CC5589BF} = {2564EB45-3D4F-468A-B9AA-A8DC8F2EEF36}
		{E298FBBC-EE94-4C81-B359-E785F7434F63} = {405CA97B-DF37-4A64-959B-82A9CC5589BF}
		{F2F0A6C6-48AF-4893-B53D-15156D12A667} = {405CA97B-DF37-4A64-959B-82A9CC5589BF}
		{E41354A6-BE2B-4188-9A5B-F44DCB8B8F76} = {405CA97B-DF37-4A64-959B-82A9CC5589BF}
		{0E3159B1-4E5F-4065-B86C-E8F684694D79} = {A911D9A9-A819-439A-B091-91183B27009A}
		{014835B0-DFC6-4E3E-A255-484B5BA9F726} = {0E3159B1-4E5F-4065-B86C-E8F684694D79}
	EndGlobalSection
	GlobalSection(ExtensibilityGlobals) = postSolution
		SolutionGuid = {6D9EA351-0AA2-4009-86A6-C2A23C44BD85}
	EndGlobalSection
EndGlobal
